
Microsoft Visual Studio Solution File, Format Version 12.00
# Visual Studio Version 16
VisualStudioVersion = 16.0.29905.134
MinimumVisualStudioVersion = 10.0.40219.1
Project("{FAE04EC0-301F-11D3-BF4B-00C04F79EFBC}") = "TestProject", "TestProject\TestProject.csproj", "{F9DE4DF7-0627-4A89-80B1-8EF37D049031}"
EndProject
Global
	GlobalSection(SolutionConfigurationPlatforms) = preSolution
		Debug|Any CPU = Debug|Any CPU
		Release|Any CPU = Release|Any CPU
	EndGlobalSection
	GlobalSection(ProjectConfigurationPlatforms) = postSolution
		{F9DE4DF7-0627-4A89-80B1-8EF37D049031}.Debug|Any CPU.ActiveCfg = Debug|Any CPU
		{F9DE4DF7-0627-4A89-80B1-8EF37D049031}.Debug|Any CPU.Build.0 = Debug|Any CPU
		{F9DE4DF7-0627-4A89-80B1-8EF37D049031}.Release|Any CPU.ActiveCfg = Release|Any CPU
		{F9DE4DF7-0627-4A89-80B1-8EF37D049031}.Release|Any CPU.Build.0 = Release|Any CPU
	EndGlobalSection
	GlobalSection(SolutionProperties) = preSolution
		HideSolutionNode = FALSE
	EndGlobalSection
	GlobalSection(ExtensibilityGlobals) = postSolution
		SolutionGuid = {0F30FDA0-8B1C-4588-9257-D1509A45FE8F}
	EndGlobalSection
EndGlobal
